
Microsoft Visual Studio Solution File, Format Version 12.00
# Visual Studio 15
Project("{FAE04EC0-301F-11D3-BF4B-00C04F79EFBC}") = "Assembly-CSharp", "Assembly-CSharp.csproj", "{0298D3AA-78A6-3540-96E5-F86E4EDED14E}"
EndProject
Project("{FAE04EC0-301F-11D3-BF4B-00C04F79EFBC}") = "Assembly-CSharp-Editor", "Assembly-CSharp-Editor.csproj", "{AF5282EC-ED0A-5E83-2BD8-573F5E537E2D}"
EndProject
Global
	GlobalSection(SolutionConfigurationPlatforms) = preSolution
		Debug|Any CPU = Debug|Any CPU
		Release|Any CPU = Release|Any CPU
	EndGlobalSection
	GlobalSection(ProjectConfigurationPlatforms) = postSolution
		{0298D3AA-78A6-3540-96E5-F86E4EDED14E}.Debug|Any CPU.ActiveCfg = Debug|Any CPU
		{0298D3AA-78A6-3540-96E5-F86E4EDED14E}.Debug|Any CPU.Build.0 = Debug|Any CPU
		{0298D3AA-78A6-3540-96E5-F86E4EDED14E}.Release|Any CPU.ActiveCfg = Release|Any CPU
		{0298D3AA-78A6-3540-96E5-F86E4EDED14E}.Release|Any CPU.Build.0 = Release|Any CPU
		{AF5282EC-ED0A-5E83-2BD8-573F5E537E2D}.Debug|Any CPU.ActiveCfg = Debug|Any CPU
		{AF5282EC-ED0A-5E83-2BD8-573F5E537E2D}.Debug|Any CPU.Build.0 = Debug|Any CPU
		{AF5282EC-ED0A-5E83-2BD8-573F5E537E2D}.Release|Any CPU.ActiveCfg = Release|Any CPU
		{AF5282EC-ED0A-5E83-2BD8-573F5E537E2D}.Release|Any CPU.Build.0 = Release|Any CPU
	EndGlobalSection
	GlobalSection(SolutionProperties) = preSolution
		HideSolutionNode = FALSE
	EndGlobalSection
EndGlobal
